{
    "requires": true,
    "lockfileVersion": 1,
    "dependencies": {
        "array-of-genders": {
            "version": "1.0.1",
            "resolved": "https://registry.npmjs.org/array-of-genders/-/array-of-genders-1.0.1.tgz",
            "integrity": "sha1-twuC+KPnSLXajBiEcNmKyEs45Xc="
        }
    }
}
